// !$*UTF8*$!
{
	archiveVersion = 1;
	classes = {
	};
	objectVersion = 51;
	objects = {

/* Begin PBXBuildFile section */
		2806B4632418DFCC009408D4 /* CameraController.swift in Sources */ = {isa = PBXBuildFile; fileRef = 2806B4622418DFCC009408D4 /* CameraController.swift */; };
		2809512E231F00B9001BD2DF /* SpacerView+Extension.swift in Sources */ = {isa = PBXBuildFile; fileRef = 2809512D231F00B9001BD2DF /* SpacerView+Extension.swift */; };
		280AACF523C9137100E42543 /* HomeKit.framework in Frameworks */ = {isa = PBXBuildFile; fileRef = 280AACF423C9137100E42543 /* HomeKit.framework */; };
		281609B422C32D340045D352 /* AppDelegate.swift in Sources */ = {isa = PBXBuildFile; fileRef = 281609B322C32D340045D352 /* AppDelegate.swift */; };
		281609B622C32D340045D352 /* EmailViewController.swift in Sources */ = {isa = PBXBuildFile; fileRef = 281609B522C32D340045D352 /* EmailViewController.swift */; };
		281609BB22C32D350045D352 /* Assets.xcassets in Resources */ = {isa = PBXBuildFile; fileRef = 281609BA22C32D350045D352 /* Assets.xcassets */; };
		281609BE22C32D350045D352 /* LaunchScreen.storyboard in Resources */ = {isa = PBXBuildFile; fileRef = 281609BC22C32D350045D352 /* LaunchScreen.storyboard */; };
		281609C922C32D350045D352 /* wishpickTests.swift in Sources */ = {isa = PBXBuildFile; fileRef = 281609C822C32D350045D352 /* wishpickTests.swift */; };
		281609D422C32D350045D352 /* wishpickUITests.swift in Sources */ = {isa = PBXBuildFile; fileRef = 281609D322C32D350045D352 /* wishpickUITests.swift */; };
		281609EB22C344800045D352 /* Proxima Nova Thin.otf in Resources */ = {isa = PBXBuildFile; fileRef = 281609E322C344800045D352 /* Proxima Nova Thin.otf */; };
		281609EC22C344800045D352 /* Proxima Nova Extrabold.otf in Resources */ = {isa = PBXBuildFile; fileRef = 281609E422C344800045D352 /* Proxima Nova Extrabold.otf */; };
		281609ED22C344800045D352 /* Proxima Nova Alt Thin.otf in Resources */ = {isa = PBXBuildFile; fileRef = 281609E522C344800045D352 /* Proxima Nova Alt Thin.otf */; };
		281609EE22C344800045D352 /* Proxima Nova Black.otf in Resources */ = {isa = PBXBuildFile; fileRef = 281609E622C344800045D352 /* Proxima Nova Black.otf */; };
		281609EF22C344800045D352 /* ProximaNova-Regular.otf in Resources */ = {isa = PBXBuildFile; fileRef = 281609E722C344800045D352 /* ProximaNova-Regular.otf */; };
		281609F022C344800045D352 /* Proxima Nova Bold.otf in Resources */ = {isa = PBXBuildFile; fileRef = 281609E822C344800045D352 /* Proxima Nova Bold.otf */; };
		281609F122C344800045D352 /* Proxima Nova Alt Light.otf in Resources */ = {isa = PBXBuildFile; fileRef = 281609E922C344800045D352 /* Proxima Nova Alt Light.otf */; };
		281609F222C344800045D352 /* Proxima Nova Alt Bold.otf in Resources */ = {isa = PBXBuildFile; fileRef = 281609EA22C344800045D352 /* Proxima Nova Alt Bold.otf */; };
		281609F422C345D20045D352 /* Constants.swift in Sources */ = {isa = PBXBuildFile; fileRef = 281609F322C345D20045D352 /* Constants.swift */; };
		28259FF122C82CD100A6E4D2 /* MainTabViewController.swift in Sources */ = {isa = PBXBuildFile; fileRef = 28259FF022C82CD100A6E4D2 /* MainTabViewController.swift */; };
		28259FF322C82DE600A6E4D2 /* UserProfileController.swift in Sources */ = {isa = PBXBuildFile; fileRef = 28259FF222C82DE600A6E4D2 /* UserProfileController.swift */; };
		28259FF522C87ED400A6E4D2 /* UserProfileHeaderView.swift in Sources */ = {isa = PBXBuildFile; fileRef = 28259FF422C87ED400A6E4D2 /* UserProfileHeaderView.swift */; };
		2829067422C81D7800D9AB0E /* GoogleService-Info.plist in Resources */ = {isa = PBXBuildFile; fileRef = 2829067322C81D7700D9AB0E /* GoogleService-Info.plist */; };
		28445DC82307FA82008CED37 /* RootViewController.swift in Sources */ = {isa = PBXBuildFile; fileRef = 28445DC72307FA82008CED37 /* RootViewController.swift */; };
		28460AB323DADE87006F8F5D /* Date+Extension.swift in Sources */ = {isa = PBXBuildFile; fileRef = 28460AB223DADE87006F8F5D /* Date+Extension.swift */; };
		284DF6BC232B340500E651F5 /* UIButton+Extension.swift in Sources */ = {isa = PBXBuildFile; fileRef = 284DF6BB232B340500E651F5 /* UIButton+Extension.swift */; };
		287ECD9622FAC19600D2CB7A /* LoginViewController.swift in Sources */ = {isa = PBXBuildFile; fileRef = 287ECD9522FAC19600D2CB7A /* LoginViewController.swift */; };
		287ECD9822FAC2C600D2CB7A /* UIView+Extension.swift in Sources */ = {isa = PBXBuildFile; fileRef = 287ECD9722FAC2C600D2CB7A /* UIView+Extension.swift */; };
		287FA3FE23C5D99B00AEAF35 /* SharePhotoController.swift in Sources */ = {isa = PBXBuildFile; fileRef = 287FA3FD23C5D99B00AEAF35 /* SharePhotoController.swift */; };
		287FA40023C677FB00AEAF35 /* Posts.swift in Sources */ = {isa = PBXBuildFile; fileRef = 287FA3FF23C677FB00AEAF35 /* Posts.swift */; };
		287FA40223C67AA400AEAF35 /* UserProfilePhotoCell.swift in Sources */ = {isa = PBXBuildFile; fileRef = 287FA40123C67AA400AEAF35 /* UserProfilePhotoCell.swift */; };
		287FA40423C692ED00AEAF35 /* CustomImageView.swift in Sources */ = {isa = PBXBuildFile; fileRef = 287FA40323C692ED00AEAF35 /* CustomImageView.swift */; };
		287FA40723C6E12A00AEAF35 /* HomeController.swift in Sources */ = {isa = PBXBuildFile; fileRef = 287FA40623C6E12A00AEAF35 /* HomeController.swift */; };
		287FA40923C6E46800AEAF35 /* HomePostCell.swift in Sources */ = {isa = PBXBuildFile; fileRef = 287FA40823C6E46800AEAF35 /* HomePostCell.swift */; };
		287FA40C23C8415600AEAF35 /* User.swift in Sources */ = {isa = PBXBuildFile; fileRef = 287FA40B23C8415600AEAF35 /* User.swift */; };
		287FA40E23C87FEB00AEAF35 /* Database+Extension.swift in Sources */ = {isa = PBXBuildFile; fileRef = 287FA40D23C87FEB00AEAF35 /* Database+Extension.swift */; };
		287FA41123C8826400AEAF35 /* UserSearchController.swift in Sources */ = {isa = PBXBuildFile; fileRef = 287FA41023C8826400AEAF35 /* UserSearchController.swift */; };
		287FA41323C88A7F00AEAF35 /* UserSearchCell.swift in Sources */ = {isa = PBXBuildFile; fileRef = 287FA41223C88A7F00AEAF35 /* UserSearchCell.swift */; };
		287FA41623C90BBF00AEAF35 /* HealthKit.framework in Frameworks */ = {isa = PBXBuildFile; fileRef = 287FA41523C90BBF00AEAF35 /* HealthKit.framework */; };
		287FA41823C90BF200AEAF35 /* MapKit.framework in Frameworks */ = {isa = PBXBuildFile; fileRef = 287FA41723C90BF200AEAF35 /* MapKit.framework */; };
		288B07FC2359812D0028F07C /* UserSetupViewController.swift in Sources */ = {isa = PBXBuildFile; fileRef = 288B07FB2359812D0028F07C /* UserSetupViewController.swift */; };
		288B07FE235982290028F07C /* UserSetupPg2VC.swift in Sources */ = {isa = PBXBuildFile; fileRef = 288B07FD235982290028F07C /* UserSetupPg2VC.swift */; };
		288B08002359823F0028F07C /* UserSetupPg3VC.swift in Sources */ = {isa = PBXBuildFile; fileRef = 288B07FF2359823F0028F07C /* UserSetupPg3VC.swift */; };
		288B0802235A49230028F07C /* PhotoSelctorController.swift in Sources */ = {isa = PBXBuildFile; fileRef = 288B0801235A49230028F07C /* PhotoSelctorController.swift */; };
		288B0804235A57990028F07C /* PhotoSelectorCell.swift in Sources */ = {isa = PBXBuildFile; fileRef = 288B0803235A57990028F07C /* PhotoSelectorCell.swift */; };
		28F2CBE72316677500D67525 /* UserSetupPg1VC.swift in Sources */ = {isa = PBXBuildFile; fileRef = 28F2CBE62316677500D67525 /* UserSetupPg1VC.swift */; };
		28FFC87E23C5C8A600046C1A /* PhotoSelectorHeader.swift in Sources */ = {isa = PBXBuildFile; fileRef = 28FFC87D23C5C8A600046C1A /* PhotoSelectorHeader.swift */; };
		3574BBA8D156A3259E4113C9 /* libPods-wishpick.a in Frameworks */ = {isa = PBXBuildFile; fileRef = BF146E3439636337E890D51E /* libPods-wishpick.a */; };
		4FCEF23A37E9A3D2E0B3F67B /* libPods-wishpickUITests.a in Frameworks */ = {isa = PBXBuildFile; fileRef = DA58E7B9383FD77DB4F91A1E /* libPods-wishpickUITests.a */; };
		FBAE4DF801E968A14CB876E2 /* libPods-wishpickTests.a in Frameworks */ = {isa = PBXBuildFile; fileRef = 4EA3AA1BBC503D5ED68DC158 /* libPods-wishpickTests.a */; };
/* End PBXBuildFile section */

/* Begin PBXContainerItemProxy section */
		281609C522C32D350045D352 /* PBXContainerItemProxy */ = {
			isa = PBXContainerItemProxy;
			containerPortal = 281609A822C32D330045D352 /* Project object */;
			proxyType = 1;
			remoteGlobalIDString = 281609AF22C32D330045D352;
			remoteInfo = wishpick;
		};
		281609D022C32D350045D352 /* PBXContainerItemProxy */ = {
			isa = PBXContainerItemProxy;
			containerPortal = 281609A822C32D330045D352 /* Project object */;
			proxyType = 1;
			remoteGlobalIDString = 281609AF22C32D330045D352;
			remoteInfo = wishpick;
		};
/* End PBXContainerItemProxy section */

/* Begin PBXFileReference section */
		01E3D23E4303E2322779D102 /* Pods-wishpick.release.xcconfig */ = {isa = PBXFileReference; includeInIndex = 1; lastKnownFileType = text.xcconfig; name = "Pods-wishpick.release.xcconfig"; path = "Pods/Target Support Files/Pods-wishpick/Pods-wishpick.release.xcconfig"; sourceTree = "<group>"; };
		1883471CA8C55894B2AFA563 /* Pods-wishpickUITests.release.xcconfig */ = {isa = PBXFileReference; includeInIndex = 1; lastKnownFileType = text.xcconfig; name = "Pods-wishpickUITests.release.xcconfig"; path = "Pods/Target Support Files/Pods-wishpickUITests/Pods-wishpickUITests.release.xcconfig"; sourceTree = "<group>"; };
		2806B4622418DFCC009408D4 /* CameraController.swift */ = {isa = PBXFileReference; lastKnownFileType = sourcecode.swift; path = CameraController.swift; sourceTree = "<group>"; };
		2809512D231F00B9001BD2DF /* SpacerView+Extension.swift */ = {isa = PBXFileReference; lastKnownFileType = sourcecode.swift; path = "SpacerView+Extension.swift"; sourceTree = "<group>"; };
		280AACF323C9119F00E42543 /* wishpick.entitlements */ = {isa = PBXFileReference; lastKnownFileType = text.plist.entitlements; path = wishpick.entitlements; sourceTree = "<group>"; };
		280AACF423C9137100E42543 /* HomeKit.framework */ = {isa = PBXFileReference; lastKnownFileType = wrapper.framework; name = HomeKit.framework; path = System/Library/Frameworks/HomeKit.framework; sourceTree = SDKROOT; };
		281609B022C32D340045D352 /* wishpick.app */ = {isa = PBXFileReference; explicitFileType = wrapper.application; includeInIndex = 0; path = wishpick.app; sourceTree = BUILT_PRODUCTS_DIR; };
		281609B322C32D340045D352 /* AppDelegate.swift */ = {isa = PBXFileReference; lastKnownFileType = sourcecode.swift; path = AppDelegate.swift; sourceTree = "<group>"; };
		281609B522C32D340045D352 /* EmailViewController.swift */ = {isa = PBXFileReference; lastKnownFileType = sourcecode.swift; path = EmailViewController.swift; sourceTree = "<group>"; };
		281609BA22C32D350045D352 /* Assets.xcassets */ = {isa = PBXFileReference; lastKnownFileType = folder.assetcatalog; path = Assets.xcassets; sourceTree = "<group>"; };
		281609BD22C32D350045D352 /* Base */ = {isa = PBXFileReference; lastKnownFileType = file.storyboard; name = Base; path = Base.lproj/LaunchScreen.storyboard; sourceTree = "<group>"; };
		281609BF22C32D350045D352 /* Info.plist */ = {isa = PBXFileReference; lastKnownFileType = text.plist.xml; path = Info.plist; sourceTree = "<group>"; };
		281609C422C32D350045D352 /* wishpickTests.xctest */ = {isa = PBXFileReference; explicitFileType = wrapper.cfbundle; includeInIndex = 0; path = wishpickTests.xctest; sourceTree = BUILT_PRODUCTS_DIR; };
		281609C822C32D350045D352 /* wishpickTests.swift */ = {isa = PBXFileReference; lastKnownFileType = sourcecode.swift; path = wishpickTests.swift; sourceTree = "<group>"; };
		281609CA22C32D350045D352 /* Info.plist */ = {isa = PBXFileReference; lastKnownFileType = text.plist.xml; path = Info.plist; sourceTree = "<group>"; };
		281609CF22C32D350045D352 /* wishpickUITests.xctest */ = {isa = PBXFileReference; explicitFileType = wrapper.cfbundle; includeInIndex = 0; path = wishpickUITests.xctest; sourceTree = BUILT_PRODUCTS_DIR; };
		281609D322C32D350045D352 /* wishpickUITests.swift */ = {isa = PBXFileReference; lastKnownFileType = sourcecode.swift; path = wishpickUITests.swift; sourceTree = "<group>"; };
		281609D522C32D350045D352 /* Info.plist */ = {isa = PBXFileReference; lastKnownFileType = text.plist.xml; path = Info.plist; sourceTree = "<group>"; };
		281609E322C344800045D352 /* Proxima Nova Thin.otf */ = {isa = PBXFileReference; lastKnownFileType = file; path = "Proxima Nova Thin.otf"; sourceTree = "<group>"; };
		281609E422C344800045D352 /* Proxima Nova Extrabold.otf */ = {isa = PBXFileReference; lastKnownFileType = file; path = "Proxima Nova Extrabold.otf"; sourceTree = "<group>"; };
		281609E522C344800045D352 /* Proxima Nova Alt Thin.otf */ = {isa = PBXFileReference; lastKnownFileType = file; path = "Proxima Nova Alt Thin.otf"; sourceTree = "<group>"; };
		281609E622C344800045D352 /* Proxima Nova Black.otf */ = {isa = PBXFileReference; lastKnownFileType = file; path = "Proxima Nova Black.otf"; sourceTree = "<group>"; };
		281609E722C344800045D352 /* ProximaNova-Regular.otf */ = {isa = PBXFileReference; lastKnownFileType = file; path = "ProximaNova-Regular.otf"; sourceTree = "<group>"; };
		281609E822C344800045D352 /* Proxima Nova Bold.otf */ = {isa = PBXFileReference; lastKnownFileType = file; path = "Proxima Nova Bold.otf"; sourceTree = "<group>"; };
		281609E922C344800045D352 /* Proxima Nova Alt Light.otf */ = {isa = PBXFileReference; lastKnownFileType = file; path = "Proxima Nova Alt Light.otf"; sourceTree = "<group>"; };
		281609EA22C344800045D352 /* Proxima Nova Alt Bold.otf */ = {isa = PBXFileReference; lastKnownFileType = file; path = "Proxima Nova Alt Bold.otf"; sourceTree = "<group>"; };
		281609F322C345D20045D352 /* Constants.swift */ = {isa = PBXFileReference; lastKnownFileType = sourcecode.swift; path = Constants.swift; sourceTree = "<group>"; };
		2823E5D12418EB5B0095AA5D /* FBLPromises.framework */ = {isa = PBXFileReference; explicitFileType = wrapper.framework; path = FBLPromises.framework; sourceTree = BUILT_PRODUCTS_DIR; };
		2823E5D62418EBE00095AA5D /* FBLPromises.framework */ = {isa = PBXFileReference; explicitFileType = wrapper.framework; path = FBLPromises.framework; sourceTree = BUILT_PRODUCTS_DIR; };
		28259FF022C82CD100A6E4D2 /* MainTabViewController.swift */ = {isa = PBXFileReference; lastKnownFileType = sourcecode.swift; path = MainTabViewController.swift; sourceTree = "<group>"; };
		28259FF222C82DE600A6E4D2 /* UserProfileController.swift */ = {isa = PBXFileReference; lastKnownFileType = sourcecode.swift; path = UserProfileController.swift; sourceTree = "<group>"; };
		28259FF422C87ED400A6E4D2 /* UserProfileHeaderView.swift */ = {isa = PBXFileReference; lastKnownFileType = sourcecode.swift; path = UserProfileHeaderView.swift; sourceTree = "<group>"; };
		2829067322C81D7700D9AB0E /* GoogleService-Info.plist */ = {isa = PBXFileReference; fileEncoding = 4; lastKnownFileType = text.plist.xml; path = "GoogleService-Info.plist"; sourceTree = "<group>"; };
		28445DC72307FA82008CED37 /* RootViewController.swift */ = {isa = PBXFileReference; lastKnownFileType = sourcecode.swift; path = RootViewController.swift; sourceTree = "<group>"; };
		28460AB223DADE87006F8F5D /* Date+Extension.swift */ = {isa = PBXFileReference; lastKnownFileType = sourcecode.swift; path = "Date+Extension.swift"; sourceTree = "<group>"; };
		284DF6BB232B340500E651F5 /* UIButton+Extension.swift */ = {isa = PBXFileReference; lastKnownFileType = sourcecode.swift; path = "UIButton+Extension.swift"; sourceTree = "<group>"; };
		287ECD9522FAC19600D2CB7A /* LoginViewController.swift */ = {isa = PBXFileReference; lastKnownFileType = sourcecode.swift; path = LoginViewController.swift; sourceTree = "<group>"; };
		287ECD9722FAC2C600D2CB7A /* UIView+Extension.swift */ = {isa = PBXFileReference; lastKnownFileType = sourcecode.swift; path = "UIView+Extension.swift"; sourceTree = "<group>"; };
		287FA3FD23C5D99B00AEAF35 /* SharePhotoController.swift */ = {isa = PBXFileReference; lastKnownFileType = sourcecode.swift; path = SharePhotoController.swift; sourceTree = "<group>"; };
		287FA3FF23C677FB00AEAF35 /* Posts.swift */ = {isa = PBXFileReference; lastKnownFileType = sourcecode.swift; path = Posts.swift; sourceTree = "<group>"; };
		287FA40123C67AA400AEAF35 /* UserProfilePhotoCell.swift */ = {isa = PBXFileReference; lastKnownFileType = sourcecode.swift; path = UserProfilePhotoCell.swift; sourceTree = "<group>"; };
		287FA40323C692ED00AEAF35 /* CustomImageView.swift */ = {isa = PBXFileReference; lastKnownFileType = sourcecode.swift; path = CustomImageView.swift; sourceTree = "<group>"; };
		287FA40623C6E12A00AEAF35 /* HomeController.swift */ = {isa = PBXFileReference; lastKnownFileType = sourcecode.swift; path = HomeController.swift; sourceTree = "<group>"; };
		287FA40823C6E46800AEAF35 /* HomePostCell.swift */ = {isa = PBXFileReference; lastKnownFileType = sourcecode.swift; path = HomePostCell.swift; sourceTree = "<group>"; };
		287FA40B23C8415600AEAF35 /* User.swift */ = {isa = PBXFileReference; lastKnownFileType = sourcecode.swift; path = User.swift; sourceTree = "<group>"; };
		287FA40D23C87FEB00AEAF35 /* Database+Extension.swift */ = {isa = PBXFileReference; lastKnownFileType = sourcecode.swift; path = "Database+Extension.swift"; sourceTree = "<group>"; };
		287FA41023C8826400AEAF35 /* UserSearchController.swift */ = {isa = PBXFileReference; lastKnownFileType = sourcecode.swift; path = UserSearchController.swift; sourceTree = "<group>"; };
		287FA41223C88A7F00AEAF35 /* UserSearchCell.swift */ = {isa = PBXFileReference; lastKnownFileType = sourcecode.swift; path = UserSearchCell.swift; sourceTree = "<group>"; };
		287FA41523C90BBF00AEAF35 /* HealthKit.framework */ = {isa = PBXFileReference; lastKnownFileType = wrapper.framework; name = HealthKit.framework; path = System/Library/Frameworks/HealthKit.framework; sourceTree = SDKROOT; };
		287FA41723C90BF200AEAF35 /* MapKit.framework */ = {isa = PBXFileReference; lastKnownFileType = wrapper.framework; name = MapKit.framework; path = System/Library/Frameworks/MapKit.framework; sourceTree = SDKROOT; };
		288B07FB2359812D0028F07C /* UserSetupViewController.swift */ = {isa = PBXFileReference; lastKnownFileType = sourcecode.swift; path = UserSetupViewController.swift; sourceTree = "<group>"; };
		288B07FD235982290028F07C /* UserSetupPg2VC.swift */ = {isa = PBXFileReference; lastKnownFileType = sourcecode.swift; path = UserSetupPg2VC.swift; sourceTree = "<group>"; };
		288B07FF2359823F0028F07C /* UserSetupPg3VC.swift */ = {isa = PBXFileReference; lastKnownFileType = sourcecode.swift; path = UserSetupPg3VC.swift; sourceTree = "<group>"; };
		288B0801235A49230028F07C /* PhotoSelctorController.swift */ = {isa = PBXFileReference; lastKnownFileType = sourcecode.swift; path = PhotoSelctorController.swift; sourceTree = "<group>"; };
		288B0803235A57990028F07C /* PhotoSelectorCell.swift */ = {isa = PBXFileReference; lastKnownFileType = sourcecode.swift; path = PhotoSelectorCell.swift; sourceTree = "<group>"; };
		28F2CBE62316677500D67525 /* UserSetupPg1VC.swift */ = {isa = PBXFileReference; lastKnownFileType = sourcecode.swift; path = UserSetupPg1VC.swift; sourceTree = "<group>"; };
		28FFC87D23C5C8A600046C1A /* PhotoSelectorHeader.swift */ = {isa = PBXFileReference; lastKnownFileType = sourcecode.swift; path = PhotoSelectorHeader.swift; sourceTree = "<group>"; };
		4EA3AA1BBC503D5ED68DC158 /* libPods-wishpickTests.a */ = {isa = PBXFileReference; explicitFileType = archive.ar; includeInIndex = 0; path = "libPods-wishpickTests.a"; sourceTree = BUILT_PRODUCTS_DIR; };
		5B74F70AB765165683C9AABA /* Pods-wishpickTests.debug.xcconfig */ = {isa = PBXFileReference; includeInIndex = 1; lastKnownFileType = text.xcconfig; name = "Pods-wishpickTests.debug.xcconfig"; path = "Pods/Target Support Files/Pods-wishpickTests/Pods-wishpickTests.debug.xcconfig"; sourceTree = "<group>"; };
		7EAAB6C495CE8CA476A563C3 /* Pods-wishpickUITests.debug.xcconfig */ = {isa = PBXFileReference; includeInIndex = 1; lastKnownFileType = text.xcconfig; name = "Pods-wishpickUITests.debug.xcconfig"; path = "Pods/Target Support Files/Pods-wishpickUITests/Pods-wishpickUITests.debug.xcconfig"; sourceTree = "<group>"; };
		8CA6427999CCEA59F9025857 /* Pods-wishpick.debug.xcconfig */ = {isa = PBXFileReference; includeInIndex = 1; lastKnownFileType = text.xcconfig; name = "Pods-wishpick.debug.xcconfig"; path = "Pods/Target Support Files/Pods-wishpick/Pods-wishpick.debug.xcconfig"; sourceTree = "<group>"; };
		BD2160DB732EC7538DB85213 /* Pods-wishpickTests.release.xcconfig */ = {isa = PBXFileReference; includeInIndex = 1; lastKnownFileType = text.xcconfig; name = "Pods-wishpickTests.release.xcconfig"; path = "Pods/Target Support Files/Pods-wishpickTests/Pods-wishpickTests.release.xcconfig"; sourceTree = "<group>"; };
		BF146E3439636337E890D51E /* libPods-wishpick.a */ = {isa = PBXFileReference; explicitFileType = archive.ar; includeInIndex = 0; path = "libPods-wishpick.a"; sourceTree = BUILT_PRODUCTS_DIR; };
		DA58E7B9383FD77DB4F91A1E /* libPods-wishpickUITests.a */ = {isa = PBXFileReference; explicitFileType = archive.ar; includeInIndex = 0; path = "libPods-wishpickUITests.a"; sourceTree = BUILT_PRODUCTS_DIR; };
/* End PBXFileReference section */

/* Begin PBXFrameworksBuildPhase section */
		281609AD22C32D330045D352 /* Frameworks */ = {
			isa = PBXFrameworksBuildPhase;
			buildActionMask = 2147483647;
			files = (
				287FA41823C90BF200AEAF35 /* MapKit.framework in Frameworks */,
				280AACF523C9137100E42543 /* HomeKit.framework in Frameworks */,
				287FA41623C90BBF00AEAF35 /* HealthKit.framework in Frameworks */,
				3574BBA8D156A3259E4113C9 /* libPods-wishpick.a in Frameworks */,
			);
			runOnlyForDeploymentPostprocessing = 0;
		};
		281609C122C32D350045D352 /* Frameworks */ = {
			isa = PBXFrameworksBuildPhase;
			buildActionMask = 2147483647;
			files = (
				FBAE4DF801E968A14CB876E2 /* libPods-wishpickTests.a in Frameworks */,
			);
			runOnlyForDeploymentPostprocessing = 0;
		};
		281609CC22C32D350045D352 /* Frameworks */ = {
			isa = PBXFrameworksBuildPhase;
			buildActionMask = 2147483647;
			files = (
				4FCEF23A37E9A3D2E0B3F67B /* libPods-wishpickUITests.a in Frameworks */,
			);
			runOnlyForDeploymentPostprocessing = 0;
		};
/* End PBXFrameworksBuildPhase section */

/* Begin PBXGroup section */
		281609A722C32D330045D352 = {
			isa = PBXGroup;
			children = (
				281609B222C32D340045D352 /* wishpick */,
				281609C722C32D350045D352 /* wishpickTests */,
				281609D222C32D350045D352 /* wishpickUITests */,
				281609B122C32D340045D352 /* Products */,
				967644F5EE5350087E25D6A7 /* Pods */,
				D1FEBF30B579A0A0936637CD /* Frameworks */,
			);
			sourceTree = "<group>";
		};
		281609B122C32D340045D352 /* Products */ = {
			isa = PBXGroup;
			children = (
				281609B022C32D340045D352 /* wishpick.app */,
				281609C422C32D350045D352 /* wishpickTests.xctest */,
				281609CF22C32D350045D352 /* wishpickUITests.xctest */,
			);
			name = Products;
			sourceTree = "<group>";
		};
		281609B222C32D340045D352 /* wishpick */ = {
			isa = PBXGroup;
			children = (
				280AACF323C9119F00E42543 /* wishpick.entitlements */,
				28314FEA22FB0B300091F5A1 /* Model */,
				28314FEB22FB0B3F0091F5A1 /* View */,
				28314FEC22FB0B440091F5A1 /* Controllers */,
				28314FED22FB0B7F0091F5A1 /* Extensions */,
				28D855042367B76A0060A702 /* Supporting Files */,
				281609BA22C32D350045D352 /* Assets.xcassets */,
				281609BC22C32D350045D352 /* LaunchScreen.storyboard */,
				281609BF22C32D350045D352 /* Info.plist */,
			);
			path = wishpick;
			sourceTree = "<group>";
		};
		281609C722C32D350045D352 /* wishpickTests */ = {
			isa = PBXGroup;
			children = (
				281609C822C32D350045D352 /* wishpickTests.swift */,
				281609CA22C32D350045D352 /* Info.plist */,
			);
			path = wishpickTests;
			sourceTree = "<group>";
		};
		281609D222C32D350045D352 /* wishpickUITests */ = {
			isa = PBXGroup;
			children = (
				281609D322C32D350045D352 /* wishpickUITests.swift */,
				281609D522C32D350045D352 /* Info.plist */,
			);
			path = wishpickUITests;
			sourceTree = "<group>";
		};
		281609E222C341FD0045D352 /* Fonts */ = {
			isa = PBXGroup;
			children = (
				281609EA22C344800045D352 /* Proxima Nova Alt Bold.otf */,
				281609E922C344800045D352 /* Proxima Nova Alt Light.otf */,
				281609E522C344800045D352 /* Proxima Nova Alt Thin.otf */,
				281609E622C344800045D352 /* Proxima Nova Black.otf */,
				281609E822C344800045D352 /* Proxima Nova Bold.otf */,
				281609E422C344800045D352 /* Proxima Nova Extrabold.otf */,
				281609E322C344800045D352 /* Proxima Nova Thin.otf */,
				281609E722C344800045D352 /* ProximaNova-Regular.otf */,
			);
			path = Fonts;
			sourceTree = "<group>";
		};
		28314FEA22FB0B300091F5A1 /* Model */ = {
			isa = PBXGroup;
			children = (
				287FA40B23C8415600AEAF35 /* User.swift */,
				287FA3FF23C677FB00AEAF35 /* Posts.swift */,
			);
			path = Model;
			sourceTree = "<group>";
		};
		28314FEB22FB0B3F0091F5A1 /* View */ = {
			isa = PBXGroup;
			children = (
				287FA40823C6E46800AEAF35 /* HomePostCell.swift */,
				28259FF422C87ED400A6E4D2 /* UserProfileHeaderView.swift */,
				287FA40123C67AA400AEAF35 /* UserProfilePhotoCell.swift */,
				28FFC87D23C5C8A600046C1A /* PhotoSelectorHeader.swift */,
				288B0803235A57990028F07C /* PhotoSelectorCell.swift */,
				287FA41223C88A7F00AEAF35 /* UserSearchCell.swift */,
			);
			path = View;
			sourceTree = "<group>";
		};
		28314FEC22FB0B440091F5A1 /* Controllers */ = {
			isa = PBXGroup;
			children = (
				28F2CBE82316678200D67525 /* Login */,
				287FA40523C6E10F00AEAF35 /* Home */,
				287FA40F23C8824F00AEAF35 /* Search */,
				288B07FA2359804B0028F07C /* User Setup */,
				28445DC72307FA82008CED37 /* RootViewController.swift */,
				28259FF022C82CD100A6E4D2 /* MainTabViewController.swift */,
				28259FF222C82DE600A6E4D2 /* UserProfileController.swift */,
				288B0801235A49230028F07C /* PhotoSelctorController.swift */,
				287FA3FD23C5D99B00AEAF35 /* SharePhotoController.swift */,
				2806B4622418DFCC009408D4 /* CameraController.swift */,
			);
			path = Controllers;
			sourceTree = "<group>";
		};
		28314FED22FB0B7F0091F5A1 /* Extensions */ = {
			isa = PBXGroup;
			children = (
				281609F322C345D20045D352 /* Constants.swift */,
				2809512D231F00B9001BD2DF /* SpacerView+Extension.swift */,
				287ECD9722FAC2C600D2CB7A /* UIView+Extension.swift */,
				284DF6BB232B340500E651F5 /* UIButton+Extension.swift */,
				287FA40323C692ED00AEAF35 /* CustomImageView.swift */,
				287FA40D23C87FEB00AEAF35 /* Database+Extension.swift */,
				28460AB223DADE87006F8F5D /* Date+Extension.swift */,
			);
			path = Extensions;
			sourceTree = "<group>";
		};
		287FA40523C6E10F00AEAF35 /* Home */ = {
			isa = PBXGroup;
			children = (
				287FA40623C6E12A00AEAF35 /* HomeController.swift */,
			);
			path = Home;
			sourceTree = "<group>";
		};
		287FA40F23C8824F00AEAF35 /* Search */ = {
			isa = PBXGroup;
			children = (
				287FA41023C8826400AEAF35 /* UserSearchController.swift */,
			);
			path = Search;
			sourceTree = "<group>";
		};
		288B07FA2359804B0028F07C /* User Setup */ = {
			isa = PBXGroup;
			children = (
				288B07FB2359812D0028F07C /* UserSetupViewController.swift */,
				28F2CBE62316677500D67525 /* UserSetupPg1VC.swift */,
				288B07FD235982290028F07C /* UserSetupPg2VC.swift */,
				288B07FF2359823F0028F07C /* UserSetupPg3VC.swift */,
			);
			path = "User Setup";
			sourceTree = "<group>";
		};
		28D855042367B76A0060A702 /* Supporting Files */ = {
			isa = PBXGroup;
			children = (
				281609B322C32D340045D352 /* AppDelegate.swift */,
				2829067322C81D7700D9AB0E /* GoogleService-Info.plist */,
				281609E222C341FD0045D352 /* Fonts */,
			);
			path = "Supporting Files";
			sourceTree = "<group>";
		};
		28F2CBE82316678200D67525 /* Login */ = {
			isa = PBXGroup;
			children = (
				287ECD9522FAC19600D2CB7A /* LoginViewController.swift */,
				281609B522C32D340045D352 /* EmailViewController.swift */,
			);
			path = Login;
			sourceTree = "<group>";
		};
		967644F5EE5350087E25D6A7 /* Pods */ = {
			isa = PBXGroup;
			children = (
				8CA6427999CCEA59F9025857 /* Pods-wishpick.debug.xcconfig */,
				01E3D23E4303E2322779D102 /* Pods-wishpick.release.xcconfig */,
				5B74F70AB765165683C9AABA /* Pods-wishpickTests.debug.xcconfig */,
				BD2160DB732EC7538DB85213 /* Pods-wishpickTests.release.xcconfig */,
				7EAAB6C495CE8CA476A563C3 /* Pods-wishpickUITests.debug.xcconfig */,
				1883471CA8C55894B2AFA563 /* Pods-wishpickUITests.release.xcconfig */,
			);
			name = Pods;
			sourceTree = "<group>";
		};
		D1FEBF30B579A0A0936637CD /* Frameworks */ = {
			isa = PBXGroup;
			children = (
				2823E5D62418EBE00095AA5D /* FBLPromises.framework */,
				2823E5D12418EB5B0095AA5D /* FBLPromises.framework */,
				280AACF423C9137100E42543 /* HomeKit.framework */,
				287FA41723C90BF200AEAF35 /* MapKit.framework */,
				287FA41523C90BBF00AEAF35 /* HealthKit.framework */,
				BF146E3439636337E890D51E /* libPods-wishpick.a */,
				4EA3AA1BBC503D5ED68DC158 /* libPods-wishpickTests.a */,
				DA58E7B9383FD77DB4F91A1E /* libPods-wishpickUITests.a */,
			);
			name = Frameworks;
			sourceTree = "<group>";
		};
/* End PBXGroup section */

/* Begin PBXNativeTarget section */
		281609AF22C32D330045D352 /* wishpick */ = {
			isa = PBXNativeTarget;
			buildConfigurationList = 281609D822C32D350045D352 /* Build configuration list for PBXNativeTarget "wishpick" */;
			buildPhases = (
				F316FAB0B7A4E7D6D026864A /* [CP] Check Pods Manifest.lock */,
				281609AC22C32D330045D352 /* Sources */,
				281609AD22C32D330045D352 /* Frameworks */,
				281609AE22C32D330045D352 /* Resources */,
				38B73FC1437DC8F83A010948 /* [CP] Copy Pods Resources */,
			);
			buildRules = (
			);
			dependencies = (
			);
			name = wishpick;
			productName = wishpick;
			productReference = 281609B022C32D340045D352 /* wishpick.app */;
			productType = "com.apple.product-type.application";
		};
		281609C322C32D350045D352 /* wishpickTests */ = {
			isa = PBXNativeTarget;
			buildConfigurationList = 281609DB22C32D350045D352 /* Build configuration list for PBXNativeTarget "wishpickTests" */;
			buildPhases = (
				870C0B02FDF3559A87CFD0AE /* [CP] Check Pods Manifest.lock */,
				281609C022C32D350045D352 /* Sources */,
				281609C122C32D350045D352 /* Frameworks */,
				281609C222C32D350045D352 /* Resources */,
			);
			buildRules = (
			);
			dependencies = (
				281609C622C32D350045D352 /* PBXTargetDependency */,
			);
			name = wishpickTests;
			productName = wishpickTests;
			productReference = 281609C422C32D350045D352 /* wishpickTests.xctest */;
			productType = "com.apple.product-type.bundle.unit-test";
		};
		281609CE22C32D350045D352 /* wishpickUITests */ = {
			isa = PBXNativeTarget;
			buildConfigurationList = 281609DE22C32D350045D352 /* Build configuration list for PBXNativeTarget "wishpickUITests" */;
			buildPhases = (
				2904E923C140058F9C4782B4 /* [CP] Check Pods Manifest.lock */,
				281609CB22C32D350045D352 /* Sources */,
				281609CC22C32D350045D352 /* Frameworks */,
				281609CD22C32D350045D352 /* Resources */,
			);
			buildRules = (
			);
			dependencies = (
				281609D122C32D350045D352 /* PBXTargetDependency */,
			);
			name = wishpickUITests;
			productName = wishpickUITests;
			productReference = 281609CF22C32D350045D352 /* wishpickUITests.xctest */;
			productType = "com.apple.product-type.bundle.ui-testing";
		};
/* End PBXNativeTarget section */

/* Begin PBXProject section */
		281609A822C32D330045D352 /* Project object */ = {
			isa = PBXProject;
			attributes = {
				LastSwiftUpdateCheck = 1020;
				LastUpgradeCheck = 1020;
				ORGANIZATIONNAME = "Danh Phu Nguyen";
				TargetAttributes = {
					281609AF22C32D330045D352 = {
						CreatedOnToolsVersion = 10.2.1;
					};
					281609C322C32D350045D352 = {
						CreatedOnToolsVersion = 10.2.1;
						TestTargetID = 281609AF22C32D330045D352;
					};
					281609CE22C32D350045D352 = {
						CreatedOnToolsVersion = 10.2.1;
						TestTargetID = 281609AF22C32D330045D352;
					};
				};
			};
			buildConfigurationList = 281609AB22C32D330045D352 /* Build configuration list for PBXProject "wishpick" */;
			compatibilityVersion = "Xcode 9.3";
			developmentRegion = en;
			hasScannedForEncodings = 0;
			knownRegions = (
				en,
				Base,
			);
			mainGroup = 281609A722C32D330045D352;
			productRefGroup = 281609B122C32D340045D352 /* Products */;
			projectDirPath = "";
			projectRoot = "";
			targets = (
				281609AF22C32D330045D352 /* wishpick */,
				281609C322C32D350045D352 /* wishpickTests */,
				281609CE22C32D350045D352 /* wishpickUITests */,
			);
		};
/* End PBXProject section */

/* Begin PBXResourcesBuildPhase section */
		281609AE22C32D330045D352 /* Resources */ = {
			isa = PBXResourcesBuildPhase;
			buildActionMask = 2147483647;
			files = (
				281609F222C344800045D352 /* Proxima Nova Alt Bold.otf in Resources */,
				281609F022C344800045D352 /* Proxima Nova Bold.otf in Resources */,
				281609ED22C344800045D352 /* Proxima Nova Alt Thin.otf in Resources */,
				281609F122C344800045D352 /* Proxima Nova Alt Light.otf in Resources */,
				281609EF22C344800045D352 /* ProximaNova-Regular.otf in Resources */,
				281609BE22C32D350045D352 /* LaunchScreen.storyboard in Resources */,
				2829067422C81D7800D9AB0E /* GoogleService-Info.plist in Resources */,
				281609EC22C344800045D352 /* Proxima Nova Extrabold.otf in Resources */,
				281609BB22C32D350045D352 /* Assets.xcassets in Resources */,
				281609EE22C344800045D352 /* Proxima Nova Black.otf in Resources */,
				281609EB22C344800045D352 /* Proxima Nova Thin.otf in Resources */,
			);
			runOnlyForDeploymentPostprocessing = 0;
		};
		281609C222C32D350045D352 /* Resources */ = {
			isa = PBXResourcesBuildPhase;
			buildActionMask = 2147483647;
			files = (
			);
			runOnlyForDeploymentPostprocessing = 0;
		};
		281609CD22C32D350045D352 /* Resources */ = {
			isa = PBXResourcesBuildPhase;
			buildActionMask = 2147483647;
			files = (
			);
			runOnlyForDeploymentPostprocessing = 0;
		};
/* End PBXResourcesBuildPhase section */

/* Begin PBXShellScriptBuildPhase section */
		2904E923C140058F9C4782B4 /* [CP] Check Pods Manifest.lock */ = {
			isa = PBXShellScriptBuildPhase;
			buildActionMask = 2147483647;
			files = (
			);
			inputFileListPaths = (
			);
			inputPaths = (
				"${PODS_PODFILE_DIR_PATH}/Podfile.lock",
				"${PODS_ROOT}/Manifest.lock",
			);
			name = "[CP] Check Pods Manifest.lock";
			outputFileListPaths = (
			);
			outputPaths = (
				"$(DERIVED_FILE_DIR)/Pods-wishpickUITests-checkManifestLockResult.txt",
			);
			runOnlyForDeploymentPostprocessing = 0;
			shellPath = /bin/sh;
			shellScript = "diff \"${PODS_PODFILE_DIR_PATH}/Podfile.lock\" \"${PODS_ROOT}/Manifest.lock\" > /dev/null\nif [ $? != 0 ] ; then\n    # print error to STDERR\n    echo \"error: The sandbox is not in sync with the Podfile.lock. Run 'pod install' or update your CocoaPods installation.\" >&2\n    exit 1\nfi\n# This output is used by Xcode 'outputs' to avoid re-running this script phase.\necho \"SUCCESS\" > \"${SCRIPT_OUTPUT_FILE_0}\"\n";
			showEnvVarsInLog = 0;
		};
		38B73FC1437DC8F83A010948 /* [CP] Copy Pods Resources */ = {
			isa = PBXShellScriptBuildPhase;
			buildActionMask = 2147483647;
			files = (
			);
			inputFileListPaths = (
				"${PODS_ROOT}/Target Support Files/Pods-wishpick/Pods-wishpick-resources-${CONFIGURATION}-input-files.xcfilelist",
			);
			name = "[CP] Copy Pods Resources";
			outputFileListPaths = (
				"${PODS_ROOT}/Target Support Files/Pods-wishpick/Pods-wishpick-resources-${CONFIGURATION}-output-files.xcfilelist",
			);
			runOnlyForDeploymentPostprocessing = 0;
			shellPath = /bin/sh;
			shellScript = "\"${PODS_ROOT}/Target Support Files/Pods-wishpick/Pods-wishpick-resources.sh\"\n";
			showEnvVarsInLog = 0;
		};
		870C0B02FDF3559A87CFD0AE /* [CP] Check Pods Manifest.lock */ = {
			isa = PBXShellScriptBuildPhase;
			buildActionMask = 2147483647;
			files = (
			);
			inputFileListPaths = (
			);
			inputPaths = (
				"${PODS_PODFILE_DIR_PATH}/Podfile.lock",
				"${PODS_ROOT}/Manifest.lock",
			);
			name = "[CP] Check Pods Manifest.lock";
			outputFileListPaths = (
			);
			outputPaths = (
				"$(DERIVED_FILE_DIR)/Pods-wishpickTests-checkManifestLockResult.txt",
			);
			runOnlyForDeploymentPostprocessing = 0;
			shellPath = /bin/sh;
			shellScript = "diff \"${PODS_PODFILE_DIR_PATH}/Podfile.lock\" \"${PODS_ROOT}/Manifest.lock\" > /dev/null\nif [ $? != 0 ] ; then\n    # print error to STDERR\n    echo \"error: The sandbox is not in sync with the Podfile.lock. Run 'pod install' or update your CocoaPods installation.\" >&2\n    exit 1\nfi\n# This output is used by Xcode 'outputs' to avoid re-running this script phase.\necho \"SUCCESS\" > \"${SCRIPT_OUTPUT_FILE_0}\"\n";
			showEnvVarsInLog = 0;
		};
		F316FAB0B7A4E7D6D026864A /* [CP] Check Pods Manifest.lock */ = {
			isa = PBXShellScriptBuildPhase;
			buildActionMask = 2147483647;
			files = (
			);
			inputFileListPaths = (
			);
			inputPaths = (
				"${PODS_PODFILE_DIR_PATH}/Podfile.lock",
				"${PODS_ROOT}/Manifest.lock",
			);
			name = "[CP] Check Pods Manifest.lock";
			outputFileListPaths = (
			);
			outputPaths = (
				"$(DERIVED_FILE_DIR)/Pods-wishpick-checkManifestLockResult.txt",
			);
			runOnlyForDeploymentPostprocessing = 0;
			shellPath = /bin/sh;
			shellScript = "diff \"${PODS_PODFILE_DIR_PATH}/Podfile.lock\" \"${PODS_ROOT}/Manifest.lock\" > /dev/null\nif [ $? != 0 ] ; then\n    # print error to STDERR\n    echo \"error: The sandbox is not in sync with the Podfile.lock. Run 'pod install' or update your CocoaPods installation.\" >&2\n    exit 1\nfi\n# This output is used by Xcode 'outputs' to avoid re-running this script phase.\necho \"SUCCESS\" > \"${SCRIPT_OUTPUT_FILE_0}\"\n";
			showEnvVarsInLog = 0;
		};
/* End PBXShellScriptBuildPhase section */

/* Begin PBXSourcesBuildPhase section */
		281609AC22C32D330045D352 /* Sources */ = {
			isa = PBXSourcesBuildPhase;
			buildActionMask = 2147483647;
			files = (
				287ECD9622FAC19600D2CB7A /* LoginViewController.swift in Sources */,
				288B0802235A49230028F07C /* PhotoSelctorController.swift in Sources */,
				2809512E231F00B9001BD2DF /* SpacerView+Extension.swift in Sources */,
				287FA40C23C8415600AEAF35 /* User.swift in Sources */,
				287FA3FE23C5D99B00AEAF35 /* SharePhotoController.swift in Sources */,
				281609B622C32D340045D352 /* EmailViewController.swift in Sources */,
				28445DC82307FA82008CED37 /* RootViewController.swift in Sources */,
				287FA41123C8826400AEAF35 /* UserSearchController.swift in Sources */,
				287ECD9822FAC2C600D2CB7A /* UIView+Extension.swift in Sources */,
				287FA40423C692ED00AEAF35 /* CustomImageView.swift in Sources */,
				287FA40023C677FB00AEAF35 /* Posts.swift in Sources */,
				288B08002359823F0028F07C /* UserSetupPg3VC.swift in Sources */,
				287FA41323C88A7F00AEAF35 /* UserSearchCell.swift in Sources */,
				284DF6BC232B340500E651F5 /* UIButton+Extension.swift in Sources */,
				288B07FC2359812D0028F07C /* UserSetupViewController.swift in Sources */,
				287FA40223C67AA400AEAF35 /* UserProfilePhotoCell.swift in Sources */,
				28460AB323DADE87006F8F5D /* Date+Extension.swift in Sources */,
				28259FF522C87ED400A6E4D2 /* UserProfileHeaderView.swift in Sources */,
				28259FF122C82CD100A6E4D2 /* MainTabViewController.swift in Sources */,
				281609B422C32D340045D352 /* AppDelegate.swift in Sources */,
				28FFC87E23C5C8A600046C1A /* PhotoSelectorHeader.swift in Sources */,
				28259FF322C82DE600A6E4D2 /* UserProfileController.swift in Sources */,
				281609F422C345D20045D352 /* Constants.swift in Sources */,
				288B0804235A57990028F07C /* PhotoSelectorCell.swift in Sources */,
				2806B4632418DFCC009408D4 /* CameraController.swift in Sources */,
				287FA40923C6E46800AEAF35 /* HomePostCell.swift in Sources */,
				287FA40E23C87FEB00AEAF35 /* Database+Extension.swift in Sources */,
				287FA40723C6E12A00AEAF35 /* HomeController.swift in Sources */,
				28F2CBE72316677500D67525 /* UserSetupPg1VC.swift in Sources */,
				288B07FE235982290028F07C /* UserSetupPg2VC.swift in Sources */,
			);
			runOnlyForDeploymentPostprocessing = 0;
		};
		281609C022C32D350045D352 /* Sources */ = {
			isa = PBXSourcesBuildPhase;
			buildActionMask = 2147483647;
			files = (
				281609C922C32D350045D352 /* wishpickTests.swift in Sources */,
			);
			runOnlyForDeploymentPostprocessing = 0;
		};
		281609CB22C32D350045D352 /* Sources */ = {
			isa = PBXSourcesBuildPhase;
			buildActionMask = 2147483647;
			files = (
				281609D422C32D350045D352 /* wishpickUITests.swift in Sources */,
			);
			runOnlyForDeploymentPostprocessing = 0;
		};
/* End PBXSourcesBuildPhase section */

/* Begin PBXTargetDependency section */
		281609C622C32D350045D352 /* PBXTargetDependency */ = {
			isa = PBXTargetDependency;
			target = 281609AF22C32D330045D352 /* wishpick */;
			targetProxy = 281609C522C32D350045D352 /* PBXContainerItemProxy */;
		};
		281609D122C32D350045D352 /* PBXTargetDependency */ = {
			isa = PBXTargetDependency;
			target = 281609AF22C32D330045D352 /* wishpick */;
			targetProxy = 281609D022C32D350045D352 /* PBXContainerItemProxy */;
		};
/* End PBXTargetDependency section */

/* Begin PBXVariantGroup section */
		281609BC22C32D350045D352 /* LaunchScreen.storyboard */ = {
			isa = PBXVariantGroup;
			children = (
				281609BD22C32D350045D352 /* Base */,
			);
			name = LaunchScreen.storyboard;
			sourceTree = "<group>";
		};
/* End PBXVariantGroup section */

/* Begin XCBuildConfiguration section */
		281609D622C32D350045D352 /* Debug */ = {
			isa = XCBuildConfiguration;
			buildSettings = {
				ALWAYS_SEARCH_USER_PATHS = NO;
				CLANG_ANALYZER_NONNULL = YES;
				CLANG_ANALYZER_NUMBER_OBJECT_CONVERSION = YES_AGGRESSIVE;
				CLANG_CXX_LANGUAGE_STANDARD = "gnu++14";
				CLANG_CXX_LIBRARY = "libc++";
				CLANG_ENABLE_MODULES = YES;
				CLANG_ENABLE_OBJC_ARC = YES;
				CLANG_ENABLE_OBJC_WEAK = YES;
				CLANG_WARN_BLOCK_CAPTURE_AUTORELEASING = YES;
				CLANG_WARN_BOOL_CONVERSION = YES;
				CLANG_WARN_COMMA = YES;
				CLANG_WARN_CONSTANT_CONVERSION = YES;
				CLANG_WARN_DEPRECATED_OBJC_IMPLEMENTATIONS = YES;
				CLANG_WARN_DIRECT_OBJC_ISA_USAGE = YES_ERROR;
				CLANG_WARN_DOCUMENTATION_COMMENTS = YES;
				CLANG_WARN_EMPTY_BODY = YES;
				CLANG_WARN_ENUM_CONVERSION = YES;
				CLANG_WARN_INFINITE_RECURSION = YES;
				CLANG_WARN_INT_CONVERSION = YES;
				CLANG_WARN_NON_LITERAL_NULL_CONVERSION = YES;
				CLANG_WARN_OBJC_IMPLICIT_RETAIN_SELF = YES;
				CLANG_WARN_OBJC_LITERAL_CONVERSION = YES;
				CLANG_WARN_OBJC_ROOT_CLASS = YES_ERROR;
				CLANG_WARN_RANGE_LOOP_ANALYSIS = YES;
				CLANG_WARN_STRICT_PROTOTYPES = YES;
				CLANG_WARN_SUSPICIOUS_MOVE = YES;
				CLANG_WARN_UNGUARDED_AVAILABILITY = YES_AGGRESSIVE;
				CLANG_WARN_UNREACHABLE_CODE = YES;
				CLANG_WARN__DUPLICATE_METHOD_MATCH = YES;
				CODE_SIGN_IDENTITY = "iPhone Developer";
				COPY_PHASE_STRIP = NO;
				DEBUG_INFORMATION_FORMAT = dwarf;
				ENABLE_STRICT_OBJC_MSGSEND = YES;
				ENABLE_TESTABILITY = YES;
				GCC_C_LANGUAGE_STANDARD = gnu11;
				GCC_DYNAMIC_NO_PIC = NO;
				GCC_NO_COMMON_BLOCKS = YES;
				GCC_OPTIMIZATION_LEVEL = 0;
				GCC_PREPROCESSOR_DEFINITIONS = (
					"DEBUG=1",
					"$(inherited)",
				);
				GCC_WARN_64_TO_32_BIT_CONVERSION = YES;
				GCC_WARN_ABOUT_RETURN_TYPE = YES_ERROR;
				GCC_WARN_UNDECLARED_SELECTOR = YES;
				GCC_WARN_UNINITIALIZED_AUTOS = YES_AGGRESSIVE;
				GCC_WARN_UNUSED_FUNCTION = YES;
				GCC_WARN_UNUSED_VARIABLE = YES;
				IPHONEOS_DEPLOYMENT_TARGET = 12.2;
				MTL_ENABLE_DEBUG_INFO = INCLUDE_SOURCE;
				MTL_FAST_MATH = YES;
				ONLY_ACTIVE_ARCH = YES;
				SDKROOT = iphoneos;
				SWIFT_ACTIVE_COMPILATION_CONDITIONS = DEBUG;
				SWIFT_OPTIMIZATION_LEVEL = "-Onone";
			};
			name = Debug;
		};
		281609D722C32D350045D352 /* Release */ = {
			isa = XCBuildConfiguration;
			buildSettings = {
				ALWAYS_SEARCH_USER_PATHS = NO;
				CLANG_ANALYZER_NONNULL = YES;
				CLANG_ANALYZER_NUMBER_OBJECT_CONVERSION = YES_AGGRESSIVE;
				CLANG_CXX_LANGUAGE_STANDARD = "gnu++14";
				CLANG_CXX_LIBRARY = "libc++";
				CLANG_ENABLE_MODULES = YES;
				CLANG_ENABLE_OBJC_ARC = YES;
				CLANG_ENABLE_OBJC_WEAK = YES;
				CLANG_WARN_BLOCK_CAPTURE_AUTORELEASING = YES;
				CLANG_WARN_BOOL_CONVERSION = YES;
				CLANG_WARN_COMMA = YES;
				CLANG_WARN_CONSTANT_CONVERSION = YES;
				CLANG_WARN_DEPRECATED_OBJC_IMPLEMENTATIONS = YES;
				CLANG_WARN_DIRECT_OBJC_ISA_USAGE = YES_ERROR;
				CLANG_WARN_DOCUMENTATION_COMMENTS = YES;
				CLANG_WARN_EMPTY_BODY = YES;
				CLANG_WARN_ENUM_CONVERSION = YES;
				CLANG_WARN_INFINITE_RECURSION = YES;
				CLANG_WARN_INT_CONVERSION = YES;
				CLANG_WARN_NON_LITERAL_NULL_CONVERSION = YES;
				CLANG_WARN_OBJC_IMPLICIT_RETAIN_SELF = YES;
				CLANG_WARN_OBJC_LITERAL_CONVERSION = YES;
				CLANG_WARN_OBJC_ROOT_CLASS = YES_ERROR;
				CLANG_WARN_RANGE_LOOP_ANALYSIS = YES;
				CLANG_WARN_STRICT_PROTOTYPES = YES;
				CLANG_WARN_SUSPICIOUS_MOVE = YES;
				CLANG_WARN_UNGUARDED_AVAILABILITY = YES_AGGRESSIVE;
				CLANG_WARN_UNREACHABLE_CODE = YES;
				CLANG_WARN__DUPLICATE_METHOD_MATCH = YES;
				CODE_SIGN_IDENTITY = "iPhone Developer";
				COPY_PHASE_STRIP = NO;
				DEBUG_INFORMATION_FORMAT = "dwarf-with-dsym";
				ENABLE_NS_ASSERTIONS = NO;
				ENABLE_STRICT_OBJC_MSGSEND = YES;
				GCC_C_LANGUAGE_STANDARD = gnu11;
				GCC_NO_COMMON_BLOCKS = YES;
				GCC_WARN_64_TO_32_BIT_CONVERSION = YES;
				GCC_WARN_ABOUT_RETURN_TYPE = YES_ERROR;
				GCC_WARN_UNDECLARED_SELECTOR = YES;
				GCC_WARN_UNINITIALIZED_AUTOS = YES_AGGRESSIVE;
				GCC_WARN_UNUSED_FUNCTION = YES;
				GCC_WARN_UNUSED_VARIABLE = YES;
				IPHONEOS_DEPLOYMENT_TARGET = 12.2;
				MTL_ENABLE_DEBUG_INFO = NO;
				MTL_FAST_MATH = YES;
				SDKROOT = iphoneos;
				SWIFT_COMPILATION_MODE = wholemodule;
				SWIFT_OPTIMIZATION_LEVEL = "-O";
				VALIDATE_PRODUCT = YES;
			};
			name = Release;
		};
		281609D922C32D350045D352 /* Debug */ = {
			isa = XCBuildConfiguration;
			baseConfigurationReference = 8CA6427999CCEA59F9025857 /* Pods-wishpick.debug.xcconfig */;
			buildSettings = {
				ASSETCATALOG_COMPILER_APPICON_NAME = AppIcon;
				CODE_SIGN_ENTITLEMENTS = wishpick/wishpick.entitlements;
				CODE_SIGN_IDENTITY = "Apple Development";
				CODE_SIGN_STYLE = Automatic;
				DEVELOPMENT_TEAM = FBPU586293;
				INFOPLIST_FILE = wishpick/Info.plist;
				LD_RUNPATH_SEARCH_PATHS = (
					"$(inherited)",
					"@executable_path/Frameworks",
				);
				PRODUCT_BUNDLE_IDENTIFIER = com.RyanNguyen.wishpick;
				PRODUCT_NAME = "$(TARGET_NAME)";
				PROVISIONING_PROFILE_SPECIFIER = "";
				SWIFT_VERSION = 5.0;
				TARGETED_DEVICE_FAMILY = "1,2";
			};
			name = Debug;
		};
		281609DA22C32D350045D352 /* Release */ = {
			isa = XCBuildConfiguration;
			baseConfigurationReference = 01E3D23E4303E2322779D102 /* Pods-wishpick.release.xcconfig */;
			buildSettings = {
				ASSETCATALOG_COMPILER_APPICON_NAME = AppIcon;
				CODE_SIGN_ENTITLEMENTS = wishpick/wishpick.entitlements;
				CODE_SIGN_IDENTITY = "Apple Development";
				CODE_SIGN_STYLE = Automatic;
				DEVELOPMENT_TEAM = FBPU586293;
				INFOPLIST_FILE = wishpick/Info.plist;
				LD_RUNPATH_SEARCH_PATHS = (
					"$(inherited)",
					"@executable_path/Frameworks",
				);
				PRODUCT_BUNDLE_IDENTIFIER = com.RyanNguyen.wishpick;
				PRODUCT_NAME = "$(TARGET_NAME)";
				PROVISIONING_PROFILE_SPECIFIER = "";
				SWIFT_VERSION = 5.0;
				TARGETED_DEVICE_FAMILY = "1,2";
			};
			name = Release;
		};
		281609DC22C32D350045D352 /* Debug */ = {
			isa = XCBuildConfiguration;
			baseConfigurationReference = 5B74F70AB765165683C9AABA /* Pods-wishpickTests.debug.xcconfig */;
			buildSettings = {
				ALWAYS_EMBED_SWIFT_STANDARD_LIBRARIES = YES;
				BUNDLE_LOADER = "$(TEST_HOST)";
				CODE_SIGN_STYLE = Automatic;
				DEVELOPMENT_TEAM = FBPU586293;
				INFOPLIST_FILE = wishpickTests/Info.plist;
				LD_RUNPATH_SEARCH_PATHS = (
					"$(inherited)",
					"@executable_path/Frameworks",
					"@loader_path/Frameworks",
				);
				PRODUCT_BUNDLE_IDENTIFIER = com.RyanNguyen.wishpickTests;
				PRODUCT_NAME = "$(TARGET_NAME)";
				SWIFT_VERSION = 5.0;
				TARGETED_DEVICE_FAMILY = "1,2";
				TEST_HOST = "$(BUILT_PRODUCTS_DIR)/wishpick.app/wishpick";
			};
			name = Debug;
		};
		281609DD22C32D350045D352 /* Release */ = {
			isa = XCBuildConfiguration;
			baseConfigurationReference = BD2160DB732EC7538DB85213 /* Pods-wishpickTests.release.xcconfig */;
			buildSettings = {
				ALWAYS_EMBED_SWIFT_STANDARD_LIBRARIES = YES;
				BUNDLE_LOADER = "$(TEST_HOST)";
				CODE_SIGN_STYLE = Automatic;
				DEVELOPMENT_TEAM = FBPU586293;
				INFOPLIST_FILE = wishpickTests/Info.plist;
				LD_RUNPATH_SEARCH_PATHS = (
					"$(inherited)",
					"@executable_path/Frameworks",
					"@loader_path/Frameworks",
				);
				PRODUCT_BUNDLE_IDENTIFIER = com.RyanNguyen.wishpickTests;
				PRODUCT_NAME = "$(TARGET_NAME)";
				SWIFT_VERSION = 5.0;
				TARGETED_DEVICE_FAMILY = "1,2";
				TEST_HOST = "$(BUILT_PRODUCTS_DIR)/wishpick.app/wishpick";
			};
			name = Release;
		};
		281609DF22C32D350045D352 /* Debug */ = {
			isa = XCBuildConfiguration;
			baseConfigurationReference = 7EAAB6C495CE8CA476A563C3 /* Pods-wishpickUITests.debug.xcconfig */;
			buildSettings = {
				ALWAYS_EMBED_SWIFT_STANDARD_LIBRARIES = YES;
				CODE_SIGN_STYLE = Automatic;
				DEVELOPMENT_TEAM = FBPU586293;
				INFOPLIST_FILE = wishpickUITests/Info.plist;
				LD_RUNPATH_SEARCH_PATHS = (
					"$(inherited)",
					"@executable_path/Frameworks",
					"@loader_path/Frameworks",
				);
				PRODUCT_BUNDLE_IDENTIFIER = com.RyanNguyen.wishpickUITests;
				PRODUCT_NAME = "$(TARGET_NAME)";
				SWIFT_VERSION = 5.0;
				TARGETED_DEVICE_FAMILY = "1,2";
				TEST_TARGET_NAME = wishpick;
			};
			name = Debug;
		};
		281609E022C32D350045D352 /* Release */ = {
			isa = XCBuildConfiguration;
			baseConfigurationReference = 1883471CA8C55894B2AFA563 /* Pods-wishpickUITests.release.xcconfig */;
			buildSettings = {
				ALWAYS_EMBED_SWIFT_STANDARD_LIBRARIES = YES;
				CODE_SIGN_STYLE = Automatic;
				DEVELOPMENT_TEAM = FBPU586293;
				INFOPLIST_FILE = wishpickUITests/Info.plist;
				LD_RUNPATH_SEARCH_PATHS = (
					"$(inherited)",
					"@executable_path/Frameworks",
					"@loader_path/Frameworks",
				);
				PRODUCT_BUNDLE_IDENTIFIER = com.RyanNguyen.wishpickUITests;
				PRODUCT_NAME = "$(TARGET_NAME)";
				SWIFT_VERSION = 5.0;
				TARGETED_DEVICE_FAMILY = "1,2";
				TEST_TARGET_NAME = wishpick;
			};
			name = Release;
		};
/* End XCBuildConfiguration section */

/* Begin XCConfigurationList section */
		281609AB22C32D330045D352 /* Build configuration list for PBXProject "wishpick" */ = {
			isa = XCConfigurationList;
			buildConfigurations = (
				281609D622C32D350045D352 /* Debug */,
				281609D722C32D350045D352 /* Release */,
			);
			defaultConfigurationIsVisible = 0;
			defaultConfigurationName = Release;
		};
		281609D822C32D350045D352 /* Build configuration list for PBXNativeTarget "wishpick" */ = {
			isa = XCConfigurationList;
			buildConfigurations = (
				281609D922C32D350045D352 /* Debug */,
				281609DA22C32D350045D352 /* Release */,
			);
			defaultConfigurationIsVisible = 0;
			defaultConfigurationName = Release;
		};
		281609DB22C32D350045D352 /* Build configuration list for PBXNativeTarget "wishpickTests" */ = {
			isa = XCConfigurationList;
			buildConfigurations = (
				281609DC22C32D350045D352 /* Debug */,
				281609DD22C32D350045D352 /* Release */,
			);
			defaultConfigurationIsVisible = 0;
			defaultConfigurationName = Release;
		};
		281609DE22C32D350045D352 /* Build configuration list for PBXNativeTarget "wishpickUITests" */ = {
			isa = XCConfigurationList;
			buildConfigurations = (
				281609DF22C32D350045D352 /* Debug */,
				281609E022C32D350045D352 /* Release */,
			);
			defaultConfigurationIsVisible = 0;
			defaultConfigurationName = Release;
		};
/* End XCConfigurationList section */
	};
	rootObject = 281609A822C32D330045D352 /* Project object */;
}
